
Microsoft Visual Studio Solution File, Format Version 12.00
# Visual Studio 2013
VisualStudioVersion = 12.0.31101.0
MinimumVisualStudioVersion = 10.0.40219.1
Project("{F2A71F9B-5D33-465A-A702-920D77279786}") = "FunScript.Bindings", "bindings\FunScript.Bindings.fsproj", "{90D3B850-A42D-406B-B489-53DE5032A841}"
EndProject
Project("{F2A71F9B-5D33-465A-A702-920D77279786}") = "FunScript.Bindings.Extra", "bindings\Extra\FunScript.Bindings.Extra.fsproj", "{6A6169DD-D325-40BA-95E5-6FC2D4FBD4ED}"
EndProject
Global
	GlobalSection(SolutionConfigurationPlatforms) = preSolution
		Debug|Any CPU = Debug|Any CPU
		Release|Any CPU = Release|Any CPU
	EndGlobalSection
	GlobalSection(ProjectConfigurationPlatforms) = postSolution
		{90D3B850-A42D-406B-B489-53DE5032A841}.Debug|Any CPU.ActiveCfg = Debug|Any CPU
		{90D3B850-A42D-406B-B489-53DE5032A841}.Debug|Any CPU.Build.0 = Debug|Any CPU
		{90D3B850-A42D-406B-B489-53DE5032A841}.Release|Any CPU.ActiveCfg = Release|Any CPU
		{90D3B850-A42D-406B-B489-53DE5032A841}.Release|Any CPU.Build.0 = Release|Any CPU
		{6A6169DD-D325-40BA-95E5-6FC2D4FBD4ED}.Debug|Any CPU.ActiveCfg = Debug|Any CPU
		{6A6169DD-D325-40BA-95E5-6FC2D4FBD4ED}.Debug|Any CPU.Build.0 = Debug|Any CPU
		{6A6169DD-D325-40BA-95E5-6FC2D4FBD4ED}.Release|Any CPU.ActiveCfg = Release|Any CPU
		{6A6169DD-D325-40BA-95E5-6FC2D4FBD4ED}.Release|Any CPU.Build.0 = Release|Any CPU
	EndGlobalSection
	GlobalSection(SolutionProperties) = preSolution
		HideSolutionNode = FALSE
	EndGlobalSection
EndGlobal
