
Microsoft Visual Studio Solution File, Format Version 12.00
# Visual Studio 2013
VisualStudioVersion = 12.0.31101.0
MinimumVisualStudioVersion = 10.0.40219.1
Project("{F2A71F9B-5D33-465A-A702-920D77279786}") = "FunScript", "main\FunScript.fsproj", "{E0916E67-D3B0-4C3A-AD18-4146882FCEDD}"
EndProject
Project("{F2A71F9B-5D33-465A-A702-920D77279786}") = "FunScript.Test", "main\FunScript.Test\FunScript.Test.fsproj", "{5E20654D-73FB-43C6-9F7F-366F571EFCC4}"
EndProject
Global
	GlobalSection(SolutionConfigurationPlatforms) = preSolution
		Debug|Any CPU = Debug|Any CPU
		Release|Any CPU = Release|Any CPU
	EndGlobalSection
	GlobalSection(ProjectConfigurationPlatforms) = postSolution
		{E0916E67-D3B0-4C3A-AD18-4146882FCEDD}.Debug|Any CPU.ActiveCfg = Debug|Any CPU
		{E0916E67-D3B0-4C3A-AD18-4146882FCEDD}.Debug|Any CPU.Build.0 = Debug|Any CPU
		{E0916E67-D3B0-4C3A-AD18-4146882FCEDD}.Release|Any CPU.ActiveCfg = Release|Any CPU
		{E0916E67-D3B0-4C3A-AD18-4146882FCEDD}.Release|Any CPU.Build.0 = Release|Any CPU
		{5E20654D-73FB-43C6-9F7F-366F571EFCC4}.Debug|Any CPU.ActiveCfg = Debug|Any CPU
		{5E20654D-73FB-43C6-9F7F-366F571EFCC4}.Debug|Any CPU.Build.0 = Debug|Any CPU
		{5E20654D-73FB-43C6-9F7F-366F571EFCC4}.Release|Any CPU.ActiveCfg = Release|Any CPU
		{5E20654D-73FB-43C6-9F7F-366F571EFCC4}.Release|Any CPU.Build.0 = Release|Any CPU
	EndGlobalSection
	GlobalSection(SolutionProperties) = preSolution
		HideSolutionNode = FALSE
	EndGlobalSection
	GlobalSection(MonoDevelopProperties) = preSolution
		$0.TextStylePolicy = $2
		$1.inheritsSet = null
		$1.scope = text/x-fsharp
		$2.FileWidth = 120
		$2.IndentWidth = 3
		$2.TabWidth = 3
		$2.inheritsScope = text/plain
		$2.inheritsSet = VisualStudio
		$2.scope = text/plain
		Policies = $0
		StartupItem = main\FunScript\FunScript.fsproj
	EndGlobalSection
EndGlobal
